// !$*UTF8*$!
{
	archiveVersion = 1;
	classes = {
	};
	objectVersion = 50;
	objects = {

/* Begin PBXBuildFile section */
		26CFC9FF23BE94670069E05D /* AppDelegate.swift in Sources */ = {isa = PBXBuildFile; fileRef = 26CFC9FE23BE94670069E05D /* AppDelegate.swift */; };
		26CFCA0123BE94670069E05D /* SceneDelegate.swift in Sources */ = {isa = PBXBuildFile; fileRef = 26CFCA0023BE94670069E05D /* SceneDelegate.swift */; };
		26CFCA0323BE94670069E05D /* myPlantsViewController.swift in Sources */ = {isa = PBXBuildFile; fileRef = 26CFCA0223BE94670069E05D /* myPlantsViewController.swift */; };
		26CFCA0623BE94670069E05D /* Main.storyboard in Resources */ = {isa = PBXBuildFile; fileRef = 26CFCA0423BE94670069E05D /* Main.storyboard */; };
		26CFCA0923BE94670069E05D /* PlantTracker.xcdatamodeld in Sources */ = {isa = PBXBuildFile; fileRef = 26CFCA0723BE94670069E05D /* PlantTracker.xcdatamodeld */; };
		26CFCA0B23BE94690069E05D /* Assets.xcassets in Resources */ = {isa = PBXBuildFile; fileRef = 26CFCA0A23BE94690069E05D /* Assets.xcassets */; };
		26CFCA0E23BE94690069E05D /* LaunchScreen.storyboard in Resources */ = {isa = PBXBuildFile; fileRef = 26CFCA0C23BE94690069E05D /* LaunchScreen.storyboard */; };
		26CFCA1623BE96A90069E05D /* AddPlantViewController.swift in Sources */ = {isa = PBXBuildFile; fileRef = 26CFCA1523BE96A90069E05D /* AddPlantViewController.swift */; };
/* End PBXBuildFile section */

/* Begin PBXFileReference section */
		26CFC9FB23BE94670069E05D /* PlantTracker.app */ = {isa = PBXFileReference; explicitFileType = wrapper.application; includeInIndex = 0; path = PlantTracker.app; sourceTree = BUILT_PRODUCTS_DIR; };
		26CFC9FE23BE94670069E05D /* AppDelegate.swift */ = {isa = PBXFileReference; lastKnownFileType = sourcecode.swift; path = AppDelegate.swift; sourceTree = "<group>"; };
		26CFCA0023BE94670069E05D /* SceneDelegate.swift */ = {isa = PBXFileReference; lastKnownFileType = sourcecode.swift; path = SceneDelegate.swift; sourceTree = "<group>"; };
		26CFCA0223BE94670069E05D /* myPlantsViewController.swift */ = {isa = PBXFileReference; lastKnownFileType = sourcecode.swift; path = myPlantsViewController.swift; sourceTree = "<group>"; };
		26CFCA0523BE94670069E05D /* Base */ = {isa = PBXFileReference; lastKnownFileType = file.storyboard; name = Base; path = Base.lproj/Main.storyboard; sourceTree = "<group>"; };
		26CFCA0823BE94670069E05D /* PlantTracker.xcdatamodel */ = {isa = PBXFileReference; lastKnownFileType = wrapper.xcdatamodel; path = PlantTracker.xcdatamodel; sourceTree = "<group>"; };
		26CFCA0A23BE94690069E05D /* Assets.xcassets */ = {isa = PBXFileReference; lastKnownFileType = folder.assetcatalog; path = Assets.xcassets; sourceTree = "<group>"; };
		26CFCA0D23BE94690069E05D /* Base */ = {isa = PBXFileReference; lastKnownFileType = file.storyboard; name = Base; path = Base.lproj/LaunchScreen.storyboard; sourceTree = "<group>"; };
		26CFCA0F23BE94690069E05D /* Info.plist */ = {isa = PBXFileReference; lastKnownFileType = text.plist.xml; path = Info.plist; sourceTree = "<group>"; };
		26CFCA1523BE96A90069E05D /* AddPlantViewController.swift */ = {isa = PBXFileReference; lastKnownFileType = sourcecode.swift; path = AddPlantViewController.swift; sourceTree = "<group>"; };
/* End PBXFileReference section */

/* Begin PBXFrameworksBuildPhase section */
		26CFC9F823BE94670069E05D /* Frameworks */ = {
			isa = PBXFrameworksBuildPhase;
			buildActionMask = 2147483647;
			files = (
			);
			runOnlyForDeploymentPostprocessing = 0;
		};
/* End PBXFrameworksBuildPhase section */

/* Begin PBXGroup section */
		26CFC9F223BE94670069E05D = {
			isa = PBXGroup;
			children = (
				26CFCA0723BE94670069E05D /* PlantTracker.xcdatamodeld */,
				26CFC9FD23BE94670069E05D /* PlantTracker */,
				26CFC9FC23BE94670069E05D /* Products */,
			);
			sourceTree = "<group>";
		};
		26CFC9FC23BE94670069E05D /* Products */ = {
			isa = PBXGroup;
			children = (
				26CFC9FB23BE94670069E05D /* PlantTracker.app */,
			);
			name = Products;
			sourceTree = "<group>";
		};
		26CFC9FD23BE94670069E05D /* PlantTracker */ = {
			isa = PBXGroup;
			children = (
				26CFC9FE23BE94670069E05D /* AppDelegate.swift */,
				26CFCA0023BE94670069E05D /* SceneDelegate.swift */,
				26CFCA1D23BEC3450069E05D /* Data Model */,
				26CFCA1C23BEC3140069E05D /* Views */,
				26CFCA1B23BEC2A10069E05D /* Controllers */,
				26CFCA1E23BEC38B0069E05D /* Supporting Files */,
				26CFCA0F23BE94690069E05D /* Info.plist */,
			);
			path = PlantTracker;
			sourceTree = "<group>";
		};
		26CFCA1B23BEC2A10069E05D /* Controllers */ = {
			isa = PBXGroup;
			children = (
				26CFCA0223BE94670069E05D /* myPlantsViewController.swift */,
				26CFCA1523BE96A90069E05D /* AddPlantViewController.swift */,
			);
			path = Controllers;
			sourceTree = "<group>";
		};
		26CFCA1C23BEC3140069E05D /* Views */ = {
			isa = PBXGroup;
			children = (
				26CFCA0423BE94670069E05D /* Main.storyboard */,
			);
			path = Views;
			sourceTree = "<group>";
		};
		26CFCA1D23BEC3450069E05D /* Data Model */ = {
			isa = PBXGroup;
			children = (
			);
			path = "Data Model";
			sourceTree = "<group>";
		};
		26CFCA1E23BEC38B0069E05D /* Supporting Files */ = {
			isa = PBXGroup;
			children = (
				26CFCA0A23BE94690069E05D /* Assets.xcassets */,
				26CFCA0C23BE94690069E05D /* LaunchScreen.storyboard */,
			);
			path = "Supporting Files";
			sourceTree = "<group>";
		};
/* End PBXGroup section */

/* Begin PBXNativeTarget section */
		26CFC9FA23BE94670069E05D /* PlantTracker */ = {
			isa = PBXNativeTarget;
			buildConfigurationList = 26CFCA1223BE94690069E05D /* Build configuration list for PBXNativeTarget "PlantTracker" */;
			buildPhases = (
				26CFC9F723BE94670069E05D /* Sources */,
				26CFC9F823BE94670069E05D /* Frameworks */,
				26CFC9F923BE94670069E05D /* Resources */,
			);
			buildRules = (
			);
			dependencies = (
			);
			name = PlantTracker;
			productName = PlantTracker;
			productReference = 26CFC9FB23BE94670069E05D /* PlantTracker.app */;
			productType = "com.apple.product-type.application";
		};
/* End PBXNativeTarget section */

/* Begin PBXProject section */
		26CFC9F323BE94670069E05D /* Project object */ = {
			isa = PBXProject;
			attributes = {
				LastSwiftUpdateCheck = 1130;
				LastUpgradeCheck = 1130;
				ORGANIZATIONNAME = "Hallie Johnson";
				TargetAttributes = {
					26CFC9FA23BE94670069E05D = {
						CreatedOnToolsVersion = 11.3;
					};
				};
			};
			buildConfigurationList = 26CFC9F623BE94670069E05D /* Build configuration list for PBXProject "PlantTracker" */;
			compatibilityVersion = "Xcode 9.3";
			developmentRegion = en;
			hasScannedForEncodings = 0;
			knownRegions = (
				en,
				Base,
			);
			mainGroup = 26CFC9F223BE94670069E05D;
			productRefGroup = 26CFC9FC23BE94670069E05D /* Products */;
			projectDirPath = "";
			projectRoot = "";
			targets = (
				26CFC9FA23BE94670069E05D /* PlantTracker */,
			);
		};
/* End PBXProject section */

/* Begin PBXResourcesBuildPhase section */
		26CFC9F923BE94670069E05D /* Resources */ = {
			isa = PBXResourcesBuildPhase;
			buildActionMask = 2147483647;
			files = (
				26CFCA0E23BE94690069E05D /* LaunchScreen.storyboard in Resources */,
				26CFCA0B23BE94690069E05D /* Assets.xcassets in Resources */,
				26CFCA0623BE94670069E05D /* Main.storyboard in Resources */,
			);
			runOnlyForDeploymentPostprocessing = 0;
		};
/* End PBXResourcesBuildPhase section */

/* Begin PBXSourcesBuildPhase section */
		26CFC9F723BE94670069E05D /* Sources */ = {
			isa = PBXSourcesBuildPhase;
			buildActionMask = 2147483647;
			files = (
				26CFCA1623BE96A90069E05D /* AddPlantViewController.swift in Sources */,
				26CFCA0923BE94670069E05D /* PlantTracker.xcdatamodeld in Sources */,
				26CFCA0323BE94670069E05D /* myPlantsViewController.swift in Sources */,
				26CFC9FF23BE94670069E05D /* AppDelegate.swift in Sources */,
				26CFCA0123BE94670069E05D /* SceneDelegate.swift in Sources */,
			);
			runOnlyForDeploymentPostprocessing = 0;
		};
/* End PBXSourcesBuildPhase section */

/* Begin PBXVariantGroup section */
		26CFCA0423BE94670069E05D /* Main.storyboard */ = {
			isa = PBXVariantGroup;
			children = (
				26CFCA0523BE94670069E05D /* Base */,
			);
			name = Main.storyboard;
			sourceTree = "<group>";
		};
		26CFCA0C23BE94690069E05D /* LaunchScreen.storyboard */ = {
			isa = PBXVariantGroup;
			children = (
				26CFCA0D23BE94690069E05D /* Base */,
			);
			name = LaunchScreen.storyboard;
			sourceTree = "<group>";
		};
/* End PBXVariantGroup section */

/* Begin XCBuildConfiguration section */
		26CFCA1023BE94690069E05D /* Debug */ = {
			isa = XCBuildConfiguration;
			buildSettings = {
				ALWAYS_SEARCH_USER_PATHS = NO;
				CLANG_ANALYZER_NONNULL = YES;
				CLANG_ANALYZER_NUMBER_OBJECT_CONVERSION = YES_AGGRESSIVE;
				CLANG_CXX_LANGUAGE_STANDARD = "gnu++14";
				CLANG_CXX_LIBRARY = "libc++";
				CLANG_ENABLE_MODULES = YES;
				CLANG_ENABLE_OBJC_ARC = YES;
				CLANG_ENABLE_OBJC_WEAK = YES;
				CLANG_WARN_BLOCK_CAPTURE_AUTORELEASING = YES;
				CLANG_WARN_BOOL_CONVERSION = YES;
				CLANG_WARN_COMMA = YES;
				CLANG_WARN_CONSTANT_CONVERSION = YES;
				CLANG_WARN_DEPRECATED_OBJC_IMPLEMENTATIONS = YES;
				CLANG_WARN_DIRECT_OBJC_ISA_USAGE = YES_ERROR;
				CLANG_WARN_DOCUMENTATION_COMMENTS = YES;
				CLANG_WARN_EMPTY_BODY = YES;
				CLANG_WARN_ENUM_CONVERSION = YES;
				CLANG_WARN_INFINITE_RECURSION = YES;
				CLANG_WARN_INT_CONVERSION = YES;
				CLANG_WARN_NON_LITERAL_NULL_CONVERSION = YES;
				CLANG_WARN_OBJC_IMPLICIT_RETAIN_SELF = YES;
				CLANG_WARN_OBJC_LITERAL_CONVERSION = YES;
				CLANG_WARN_OBJC_ROOT_CLASS = YES_ERROR;
				CLANG_WARN_RANGE_LOOP_ANALYSIS = YES;
				CLANG_WARN_STRICT_PROTOTYPES = YES;
				CLANG_WARN_SUSPICIOUS_MOVE = YES;
				CLANG_WARN_UNGUARDED_AVAILABILITY = YES_AGGRESSIVE;
				CLANG_WARN_UNREACHABLE_CODE = YES;
				CLANG_WARN__DUPLICATE_METHOD_MATCH = YES;
				COPY_PHASE_STRIP = NO;
				DEBUG_INFORMATION_FORMAT = dwarf;
				ENABLE_STRICT_OBJC_MSGSEND = YES;
				ENABLE_TESTABILITY = YES;
				GCC_C_LANGUAGE_STANDARD = gnu11;
				GCC_DYNAMIC_NO_PIC = NO;
				GCC_NO_COMMON_BLOCKS = YES;
				GCC_OPTIMIZATION_LEVEL = 0;
				GCC_PREPROCESSOR_DEFINITIONS = (
					"DEBUG=1",
					"$(inherited)",
				);
				GCC_WARN_64_TO_32_BIT_CONVERSION = YES;
				GCC_WARN_ABOUT_RETURN_TYPE = YES_ERROR;
				GCC_WARN_UNDECLARED_SELECTOR = YES;
				GCC_WARN_UNINITIALIZED_AUTOS = YES_AGGRESSIVE;
				GCC_WARN_UNUSED_FUNCTION = YES;
				GCC_WARN_UNUSED_VARIABLE = YES;
				IPHONEOS_DEPLOYMENT_TARGET = 13.2;
				MTL_ENABLE_DEBUG_INFO = INCLUDE_SOURCE;
				MTL_FAST_MATH = YES;
				ONLY_ACTIVE_ARCH = YES;
				SDKROOT = iphoneos;
				SWIFT_ACTIVE_COMPILATION_CONDITIONS = DEBUG;
				SWIFT_OPTIMIZATION_LEVEL = "-Onone";
			};
			name = Debug;
		};
		26CFCA1123BE94690069E05D /* Release */ = {
			isa = XCBuildConfiguration;
			buildSettings = {
				ALWAYS_SEARCH_USER_PATHS = NO;
				CLANG_ANALYZER_NONNULL = YES;
				CLANG_ANALYZER_NUMBER_OBJECT_CONVERSION = YES_AGGRESSIVE;
				CLANG_CXX_LANGUAGE_STANDARD = "gnu++14";
				CLANG_CXX_LIBRARY = "libc++";
				CLANG_ENABLE_MODULES = YES;
				CLANG_ENABLE_OBJC_ARC = YES;
				CLANG_ENABLE_OBJC_WEAK = YES;
				CLANG_WARN_BLOCK_CAPTURE_AUTORELEASING = YES;
				CLANG_WARN_BOOL_CONVERSION = YES;
				CLANG_WARN_COMMA = YES;
				CLANG_WARN_CONSTANT_CONVERSION = YES;
				CLANG_WARN_DEPRECATED_OBJC_IMPLEMENTATIONS = YES;
				CLANG_WARN_DIRECT_OBJC_ISA_USAGE = YES_ERROR;
				CLANG_WARN_DOCUMENTATION_COMMENTS = YES;
				CLANG_WARN_EMPTY_BODY = YES;
				CLANG_WARN_ENUM_CONVERSION = YES;
				CLANG_WARN_INFINITE_RECURSION = YES;
				CLANG_WARN_INT_CONVERSION = YES;
				CLANG_WARN_NON_LITERAL_NULL_CONVERSION = YES;
				CLANG_WARN_OBJC_IMPLICIT_RETAIN_SELF = YES;
				CLANG_WARN_OBJC_LITERAL_CONVERSION = YES;
				CLANG_WARN_OBJC_ROOT_CLASS = YES_ERROR;
				CLANG_WARN_RANGE_LOOP_ANALYSIS = YES;
				CLANG_WARN_STRICT_PROTOTYPES = YES;
				CLANG_WARN_SUSPICIOUS_MOVE = YES;
				CLANG_WARN_UNGUARDED_AVAILABILITY = YES_AGGRESSIVE;
				CLANG_WARN_UNREACHABLE_CODE = YES;
				CLANG_WARN__DUPLICATE_METHOD_MATCH = YES;
				COPY_PHASE_STRIP = NO;
				DEBUG_INFORMATION_FORMAT = "dwarf-with-dsym";
				ENABLE_NS_ASSERTIONS = NO;
				ENABLE_STRICT_OBJC_MSGSEND = YES;
				GCC_C_LANGUAGE_STANDARD = gnu11;
				GCC_NO_COMMON_BLOCKS = YES;
				GCC_WARN_64_TO_32_BIT_CONVERSION = YES;
				GCC_WARN_ABOUT_RETURN_TYPE = YES_ERROR;
				GCC_WARN_UNDECLARED_SELECTOR = YES;
				GCC_WARN_UNINITIALIZED_AUTOS = YES_AGGRESSIVE;
				GCC_WARN_UNUSED_FUNCTION = YES;
				GCC_WARN_UNUSED_VARIABLE = YES;
				IPHONEOS_DEPLOYMENT_TARGET = 13.2;
				MTL_ENABLE_DEBUG_INFO = NO;
				MTL_FAST_MATH = YES;
				SDKROOT = iphoneos;
				SWIFT_COMPILATION_MODE = wholemodule;
				SWIFT_OPTIMIZATION_LEVEL = "-O";
				VALIDATE_PRODUCT = YES;
			};
			name = Release;
		};
		26CFCA1323BE94690069E05D /* Debug */ = {
			isa = XCBuildConfiguration;
			buildSettings = {
				ASSETCATALOG_COMPILER_APPICON_NAME = AppIcon;
				CODE_SIGN_STYLE = Automatic;
				INFOPLIST_FILE = PlantTracker/Info.plist;
				LD_RUNPATH_SEARCH_PATHS = (
					"$(inherited)",
					"@executable_path/Frameworks",
				);
				PRODUCT_BUNDLE_IDENTIFIER = com.Hallie.PlantTracker;
				PRODUCT_NAME = "$(TARGET_NAME)";
				SWIFT_VERSION = 5.0;
				TARGETED_DEVICE_FAMILY = "1,2";
			};
			name = Debug;
		};
		26CFCA1423BE94690069E05D /* Release */ = {
			isa = XCBuildConfiguration;
			buildSettings = {
				ASSETCATALOG_COMPILER_APPICON_NAME = AppIcon;
				CODE_SIGN_STYLE = Automatic;
				INFOPLIST_FILE = PlantTracker/Info.plist;
				LD_RUNPATH_SEARCH_PATHS = (
					"$(inherited)",
					"@executable_path/Frameworks",
				);
				PRODUCT_BUNDLE_IDENTIFIER = com.Hallie.PlantTracker;
				PRODUCT_NAME = "$(TARGET_NAME)";
				SWIFT_VERSION = 5.0;
				TARGETED_DEVICE_FAMILY = "1,2";
			};
			name = Release;
		};
/* End XCBuildConfiguration section */

/* Begin XCConfigurationList section */
		26CFC9F623BE94670069E05D /* Build configuration list for PBXProject "PlantTracker" */ = {
			isa = XCConfigurationList;
			buildConfigurations = (
				26CFCA1023BE94690069E05D /* Debug */,
				26CFCA1123BE94690069E05D /* Release */,
			);
			defaultConfigurationIsVisible = 0;
			defaultConfigurationName = Release;
		};
		26CFCA1223BE94690069E05D /* Build configuration list for PBXNativeTarget "PlantTracker" */ = {
			isa = XCConfigurationList;
			buildConfigurations = (
				26CFCA1323BE94690069E05D /* Debug */,
				26CFCA1423BE94690069E05D /* Release */,
			);
			defaultConfigurationIsVisible = 0;
			defaultConfigurationName = Release;
		};
/* End XCConfigurationList section */

/* Begin XCVersionGroup section */
		26CFCA0723BE94670069E05D /* PlantTracker.xcdatamodeld */ = {
			isa = XCVersionGroup;
			children = (
				26CFCA0823BE94670069E05D /* PlantTracker.xcdatamodel */,
			);
			currentVersion = 26CFCA0823BE94670069E05D /* PlantTracker.xcdatamodel */;
			path = PlantTracker.xcdatamodeld;
			sourceTree = "<group>";
			versionGroupType = wrapper.xcdatamodel;
		};
/* End XCVersionGroup section */
	};
	rootObject = 26CFC9F323BE94670069E05D /* Project object */;
}
